// !$*UTF8*$!
{
	archiveVersion = 1;
	classes = {
	};
	objectVersion = 46;
	objects = {

/* Begin PBXBuildFile section */
		31DED7091D77711A00F1CF64 /* DownloadFromUrl.cpp in Sources */ = {isa = PBXBuildFile; fileRef = 31DED6FE1D77711A00F1CF64 /* DownloadFromUrl.cpp */; };
		31DED70A1D77711A00F1CF64 /* main.cpp in Sources */ = {isa = PBXBuildFile; fileRef = 31DED7001D77711A00F1CF64 /* main.cpp */; };
		31DED70B1D77711A00F1CF64 /* MLP.cpp in Sources */ = {isa = PBXBuildFile; fileRef = 31DED7011D77711A00F1CF64 /* MLP.cpp */; };
		31DED70C1D77711A00F1CF64 /* mnist.cpp in Sources */ = {isa = PBXBuildFile; fileRef = 31DED7031D77711A00F1CF64 /* mnist.cpp */; };
		31DED70D1D77711A00F1CF64 /* ReadMnist.cpp in Sources */ = {isa = PBXBuildFile; fileRef = 31DED7051D77711A00F1CF64 /* ReadMnist.cpp */; };
		31DED7101D77714D00F1CF64 /* Accelerate.framework in Frameworks */ = {isa = PBXBuildFile; fileRef = 31DED70F1D77714D00F1CF64 /* Accelerate.framework */; };
/* End PBXBuildFile section */

/* Begin PBXCopyFilesBuildPhase section */
		31DED6F21D7770EA00F1CF64 /* CopyFiles */ = {
			isa = PBXCopyFilesBuildPhase;
			buildActionMask = 2147483647;
			dstPath = /usr/share/man/man1/;
			dstSubfolderSpec = 0;
			files = (
			);
			runOnlyForDeploymentPostprocessing = 1;
		};
/* End PBXCopyFilesBuildPhase section */

/* Begin PBXFileReference section */
		31DED6F41D7770EA00F1CF64 /* ML */ = {isa = PBXFileReference; explicitFileType = "compiled.mach-o.executable"; includeInIndex = 0; path = ML; sourceTree = BUILT_PRODUCTS_DIR; };
		31DED6FE1D77711A00F1CF64 /* DownloadFromUrl.cpp */ = {isa = PBXFileReference; fileEncoding = 4; lastKnownFileType = sourcecode.cpp.cpp; path = DownloadFromUrl.cpp; sourceTree = "<group>"; };
		31DED6FF1D77711A00F1CF64 /* DownloadFromUrl.hpp */ = {isa = PBXFileReference; fileEncoding = 4; lastKnownFileType = sourcecode.cpp.h; path = DownloadFromUrl.hpp; sourceTree = "<group>"; };
		31DED7001D77711A00F1CF64 /* main.cpp */ = {isa = PBXFileReference; fileEncoding = 4; lastKnownFileType = sourcecode.cpp.cpp; path = main.cpp; sourceTree = "<group>"; };
		31DED7011D77711A00F1CF64 /* MLP.cpp */ = {isa = PBXFileReference; fileEncoding = 4; lastKnownFileType = sourcecode.cpp.cpp; path = MLP.cpp; sourceTree = "<group>"; };
		31DED7021D77711A00F1CF64 /* MLP.hpp */ = {isa = PBXFileReference; fileEncoding = 4; lastKnownFileType = sourcecode.cpp.h; path = MLP.hpp; sourceTree = "<group>"; };
		31DED7031D77711A00F1CF64 /* mnist.cpp */ = {isa = PBXFileReference; fileEncoding = 4; lastKnownFileType = sourcecode.cpp.cpp; path = mnist.cpp; sourceTree = "<group>"; };
		31DED7041D77711A00F1CF64 /* mnist.hpp */ = {isa = PBXFileReference; fileEncoding = 4; lastKnownFileType = sourcecode.cpp.h; path = mnist.hpp; sourceTree = "<group>"; };
		31DED7051D77711A00F1CF64 /* ReadMnist.cpp */ = {isa = PBXFileReference; fileEncoding = 4; lastKnownFileType = sourcecode.cpp.cpp; path = ReadMnist.cpp; sourceTree = "<group>"; };
		31DED7061D77711A00F1CF64 /* ReadMnist.hpp */ = {isa = PBXFileReference; fileEncoding = 4; lastKnownFileType = sourcecode.cpp.h; path = ReadMnist.hpp; sourceTree = "<group>"; };
		31DED70F1D77714D00F1CF64 /* Accelerate.framework */ = {isa = PBXFileReference; lastKnownFileType = wrapper.framework; name = Accelerate.framework; path = System/Library/Frameworks/Accelerate.framework; sourceTree = SDKROOT; };
/* End PBXFileReference section */

/* Begin PBXFrameworksBuildPhase section */
		31DED6F11D7770EA00F1CF64 /* Frameworks */ = {
			isa = PBXFrameworksBuildPhase;
			buildActionMask = 2147483647;
			files = (
				31DED7101D77714D00F1CF64 /* Accelerate.framework in Frameworks */,
			);
			runOnlyForDeploymentPostprocessing = 0;
		};
/* End PBXFrameworksBuildPhase section */

/* Begin PBXGroup section */
		31DED6EB1D7770E900F1CF64 = {
			isa = PBXGroup;
			children = (
				31DED70F1D77714D00F1CF64 /* Accelerate.framework */,
				31DED6F61D7770EA00F1CF64 /* ML */,
				31DED6F51D7770EA00F1CF64 /* Products */,
			);
			sourceTree = "<group>";
		};
		31DED6F51D7770EA00F1CF64 /* Products */ = {
			isa = PBXGroup;
			children = (
				31DED6F41D7770EA00F1CF64 /* ML */,
			);
			name = Products;
			sourceTree = "<group>";
		};
		31DED6F61D7770EA00F1CF64 /* ML */ = {
			isa = PBXGroup;
			children = (
				31DED6FE1D77711A00F1CF64 /* DownloadFromUrl.cpp */,
				31DED6FF1D77711A00F1CF64 /* DownloadFromUrl.hpp */,
				31DED7001D77711A00F1CF64 /* main.cpp */,
				31DED7011D77711A00F1CF64 /* MLP.cpp */,
				31DED7021D77711A00F1CF64 /* MLP.hpp */,
				31DED7031D77711A00F1CF64 /* mnist.cpp */,
				31DED7041D77711A00F1CF64 /* mnist.hpp */,
				31DED7051D77711A00F1CF64 /* ReadMnist.cpp */,
				31DED7061D77711A00F1CF64 /* ReadMnist.hpp */,
			);
			name = ML;
			path = MLP;
			sourceTree = "<group>";
		};
/* End PBXGroup section */

/* Begin PBXNativeTarget section */
		31DED6F31D7770EA00F1CF64 /* ML */ = {
			isa = PBXNativeTarget;
			buildConfigurationList = 31DED6FB1D7770EA00F1CF64 /* Build configuration list for PBXNativeTarget "ML" */;
			buildPhases = (
				31DED6F01D7770EA00F1CF64 /* Sources */,
				31DED6F11D7770EA00F1CF64 /* Frameworks */,
				31DED6F21D7770EA00F1CF64 /* CopyFiles */,
			);
			buildRules = (
			);
			dependencies = (
			);
			name = ML;
			productName = ML;
			productReference = 31DED6F41D7770EA00F1CF64 /* ML */;
			productType = "com.apple.product-type.tool";
		};
/* End PBXNativeTarget section */

/* Begin PBXProject section */
		31DED6EC1D7770E900F1CF64 /* Project object */ = {
			isa = PBXProject;
			attributes = {
				LastUpgradeCheck = 0730;
				ORGANIZATIONNAME = "Umberto Drago";
				TargetAttributes = {
					31DED6F31D7770EA00F1CF64 = {
						CreatedOnToolsVersion = 7.3.1;
					};
				};
			};
			buildConfigurationList = 31DED6EF1D7770E900F1CF64 /* Build configuration list for PBXProject "ML" */;
			compatibilityVersion = "Xcode 3.2";
			developmentRegion = English;
			hasScannedForEncodings = 0;
			knownRegions = (
				en,
			);
			mainGroup = 31DED6EB1D7770E900F1CF64;
			productRefGroup = 31DED6F51D7770EA00F1CF64 /* Products */;
			projectDirPath = "";
			projectRoot = "";
			targets = (
				31DED6F31D7770EA00F1CF64 /* ML */,
			);
		};
/* End PBXProject section */

/* Begin PBXSourcesBuildPhase section */
		31DED6F01D7770EA00F1CF64 /* Sources */ = {
			isa = PBXSourcesBuildPhase;
			buildActionMask = 2147483647;
			files = (
				31DED70B1D77711A00F1CF64 /* MLP.cpp in Sources */,
				31DED70C1D77711A00F1CF64 /* mnist.cpp in Sources */,
				31DED70D1D77711A00F1CF64 /* ReadMnist.cpp in Sources */,
				31DED70A1D77711A00F1CF64 /* main.cpp in Sources */,
				31DED7091D77711A00F1CF64 /* DownloadFromUrl.cpp in Sources */,
			);
			runOnlyForDeploymentPostprocessing = 0;
		};
/* End PBXSourcesBuildPhase section */

/* Begin XCBuildConfiguration section */
		31DED6F91D7770EA00F1CF64 /* Debug */ = {
			isa = XCBuildConfiguration;
			buildSettings = {
				ALWAYS_SEARCH_USER_PATHS = NO;
				CLANG_ANALYZER_NONNULL = YES;
				CLANG_CXX_LANGUAGE_STANDARD = "gnu++0x";
				CLANG_CXX_LIBRARY = "libc++";
				CLANG_ENABLE_MODULES = YES;
				CLANG_ENABLE_OBJC_ARC = YES;
				CLANG_WARN_BOOL_CONVERSION = YES;
				CLANG_WARN_CONSTANT_CONVERSION = YES;
				CLANG_WARN_DIRECT_OBJC_ISA_USAGE = YES_ERROR;
				CLANG_WARN_EMPTY_BODY = YES;
				CLANG_WARN_ENUM_CONVERSION = YES;
				CLANG_WARN_INT_CONVERSION = YES;
				CLANG_WARN_OBJC_ROOT_CLASS = YES_ERROR;
				CLANG_WARN_UNREACHABLE_CODE = YES;
				CLANG_WARN__DUPLICATE_METHOD_MATCH = YES;
				CODE_SIGN_IDENTITY = "-";
				COPY_PHASE_STRIP = NO;
				DEBUG_INFORMATION_FORMAT = dwarf;
				ENABLE_STRICT_OBJC_MSGSEND = YES;
				ENABLE_TESTABILITY = YES;
				GCC_C_LANGUAGE_STANDARD = gnu99;
				GCC_DYNAMIC_NO_PIC = NO;
				GCC_NO_COMMON_BLOCKS = YES;
				GCC_OPTIMIZATION_LEVEL = 0;
				GCC_PREPROCESSOR_DEFINITIONS = (
					"DEBUG=1",
					"$(inherited)",
				);
				GCC_WARN_64_TO_32_BIT_CONVERSION = YES;
				GCC_WARN_ABOUT_RETURN_TYPE = YES_ERROR;
				GCC_WARN_UNDECLARED_SELECTOR = YES;
				GCC_WARN_UNINITIALIZED_AUTOS = YES_AGGRESSIVE;
				GCC_WARN_UNUSED_FUNCTION = YES;
				GCC_WARN_UNUSED_VARIABLE = YES;
				MACOSX_DEPLOYMENT_TARGET = 10.11;
				MTL_ENABLE_DEBUG_INFO = YES;
				ONLY_ACTIVE_ARCH = YES;
				SDKROOT = macosx;
			};
			name = Debug;
		};
		31DED6FA1D7770EA00F1CF64 /* Release */ = {
			isa = XCBuildConfiguration;
			buildSettings = {
				ALWAYS_SEARCH_USER_PATHS = NO;
				CLANG_ANALYZER_NONNULL = YES;
				CLANG_CXX_LANGUAGE_STANDARD = "gnu++0x";
				CLANG_CXX_LIBRARY = "libc++";
				CLANG_ENABLE_MODULES = YES;
				CLANG_ENABLE_OBJC_ARC = YES;
				CLANG_WARN_BOOL_CONVERSION = YES;
				CLANG_WARN_CONSTANT_CONVERSION = YES;
				CLANG_WARN_DIRECT_OBJC_ISA_USAGE = YES_ERROR;
				CLANG_WARN_EMPTY_BODY = YES;
				CLANG_WARN_ENUM_CONVERSION = YES;
				CLANG_WARN_INT_CONVERSION = YES;
				CLANG_WARN_OBJC_ROOT_CLASS = YES_ERROR;
				CLANG_WARN_UNREACHABLE_CODE = YES;
				CLANG_WARN__DUPLICATE_METHOD_MATCH = YES;
				CODE_SIGN_IDENTITY = "-";
				COPY_PHASE_STRIP = NO;
				DEBUG_INFORMATION_FORMAT = "dwarf-with-dsym";
				ENABLE_NS_ASSERTIONS = NO;
				ENABLE_STRICT_OBJC_MSGSEND = YES;
				GCC_C_LANGUAGE_STANDARD = gnu99;
				GCC_NO_COMMON_BLOCKS = YES;
				GCC_WARN_64_TO_32_BIT_CONVERSION = YES;
				GCC_WARN_ABOUT_RETURN_TYPE = YES_ERROR;
				GCC_WARN_UNDECLARED_SELECTOR = YES;
				GCC_WARN_UNINITIALIZED_AUTOS = YES_AGGRESSIVE;
				GCC_WARN_UNUSED_FUNCTION = YES;
				GCC_WARN_UNUSED_VARIABLE = YES;
				MACOSX_DEPLOYMENT_TARGET = 10.11;
				MTL_ENABLE_DEBUG_INFO = NO;
				SDKROOT = macosx;
			};
			name = Release;
		};
		31DED6FC1D7770EA00F1CF64 /* Debug */ = {
			isa = XCBuildConfiguration;
			buildSettings = {
				OTHER_LDFLAGS = "-lcurl";
				PRODUCT_NAME = "$(TARGET_NAME)";
			};
			name = Debug;
		};
		31DED6FD1D7770EA00F1CF64 /* Release */ = {
			isa = XCBuildConfiguration;
			buildSettings = {
				OTHER_LDFLAGS = "-lcurl";
				PRODUCT_NAME = "$(TARGET_NAME)";
			};
			name = Release;
		};
/* End XCBuildConfiguration section */

/* Begin XCConfigurationList section */
		31DED6EF1D7770E900F1CF64 /* Build configuration list for PBXProject "ML" */ = {
			isa = XCConfigurationList;
			buildConfigurations = (
				31DED6F91D7770EA00F1CF64 /* Debug */,
				31DED6FA1D7770EA00F1CF64 /* Release */,
			);
			defaultConfigurationIsVisible = 0;
			defaultConfigurationName = Release;
		};
		31DED6FB1D7770EA00F1CF64 /* Build configuration list for PBXNativeTarget "ML" */ = {
			isa = XCConfigurationList;
			buildConfigurations = (
				31DED6FC1D7770EA00F1CF64 /* Debug */,
				31DED6FD1D7770EA00F1CF64 /* Release */,
			);
			defaultConfigurationIsVisible = 0;
		};
/* End XCConfigurationList section */
	};
	rootObject = 31DED6EC1D7770E900F1CF64 /* Project object */;
}
